{
  "name": "rescue-platfrom",
  "lockfileVersion": 3,
  "requires": true,
  "packages": {
    "": {
      "dependencies": {
        "@arpon007/decision": "^0.1.1"
      }
    },
    "node_modules/@arpon007/decision": {
      "version": "0.1.1",
      "resolved": "https://registry.npmjs.org/@arpon007/decision/-/decision-0.1.1.tgz",
      "integrity": "sha512-eRiw+wVc/PuuhU7RViZXMf+sv5UPNM9Y3DqXFiUDlnTinxRHTnTJ77llHZ8tZSH9bLqwIjo+0OKYDR8yv5Ah/g==",
      "hasInstallScript": true,
      "license": "MIT",
      "bin": {
        "decision": "bin/install.js"
      },
      "engines": {
        "node": ">=18"
      }
    }
  }
}
